
Microsoft Visual Studio Solution File, Format Version 12.00
# Visual Studio 2012
Project("{FAE04EC0-301F-11D3-BF4B-00C04F79EFBC}") = "MiniGames", "MiniGames\MiniGames.csproj", "{59C0EBFE-7E29-488A-947C-2A49374FA5A6}"
EndProject
Project("{FAE04EC0-301F-11D3-BF4B-00C04F79EFBC}") = "Bank", "Bank\Bank.csproj", "{4B43F3D1-9C80-4256-90FD-7237756BD63A}"
EndProject
Project("{FAE04EC0-301F-11D3-BF4B-00C04F79EFBC}") = "Games", "Games\Games.csproj", "{FD35EFCC-408D-441D-8A33-E7C9F1A8ECE2}"
EndProject
Global
	GlobalSection(SolutionConfigurationPlatforms) = preSolution
		Debug|Any CPU = Debug|Any CPU
		Release|Any CPU = Release|Any CPU
	EndGlobalSection
	GlobalSection(ProjectConfigurationPlatforms) = postSolution
		{59C0EBFE-7E29-488A-947C-2A49374FA5A6}.Debug|Any CPU.ActiveCfg = Debug|Any CPU
		{59C0EBFE-7E29-488A-947C-2A49374FA5A6}.Debug|Any CPU.Build.0 = Debug|Any CPU
		{59C0EBFE-7E29-488A-947C-2A49374FA5A6}.Release|Any CPU.ActiveCfg = Release|Any CPU
		{59C0EBFE-7E29-488A-947C-2A49374FA5A6}.Release|Any CPU.Build.0 = Release|Any CPU
		{4B43F3D1-9C80-4256-90FD-7237756BD63A}.Debug|Any CPU.ActiveCfg = Debug|Any CPU
		{4B43F3D1-9C80-4256-90FD-7237756BD63A}.Debug|Any CPU.Build.0 = Debug|Any CPU
		{4B43F3D1-9C80-4256-90FD-7237756BD63A}.Release|Any CPU.ActiveCfg = Release|Any CPU
		{4B43F3D1-9C80-4256-90FD-7237756BD63A}.Release|Any CPU.Build.0 = Release|Any CPU
		{FD35EFCC-408D-441D-8A33-E7C9F1A8ECE2}.Debug|Any CPU.ActiveCfg = Debug|Any CPU
		{FD35EFCC-408D-441D-8A33-E7C9F1A8ECE2}.Debug|Any CPU.Build.0 = Debug|Any CPU
		{FD35EFCC-408D-441D-8A33-E7C9F1A8ECE2}.Release|Any CPU.ActiveCfg = Release|Any CPU
		{FD35EFCC-408D-441D-8A33-E7C9F1A8ECE2}.Release|Any CPU.Build.0 = Release|Any CPU
	EndGlobalSection
	GlobalSection(SolutionProperties) = preSolution
		HideSolutionNode = FALSE
	EndGlobalSection
EndGlobal
